
Microsoft Visual Studio Solution File, Format Version 12.00
# Visual Studio Version 17
VisualStudioVersion = 17.14.36414.22 d17.14
MinimumVisualStudioVersion = 10.0.40219.1
Project("{2150E333-8FDC-42A3-9474-1A3956D46DE8}") = "src", "src", "{02EA681E-C7D8-13C7-8484-4AC65E1B71E8}"
EndProject
Project("{FAE04EC0-301F-11D3-BF4B-00C04F79EFBC}") = "LoginTestAppV3.API", "src\LoginTestAppV3.API\LoginTestAppV3.API.csproj", "{DCF13B52-C72B-4241-8BA5-39E45186181D}"
EndProject
Project("{FAE04EC0-301F-11D3-BF4B-00C04F79EFBC}") = "LoginTestAppV3.Domain", "src\LoginTestAppV3.Domain\LoginTestAppV3.Domain.csproj", "{B005A3B6-BCE8-43CA-B266-92542C1566CD}"
EndProject
Global
	GlobalSection(SolutionConfigurationPlatforms) = preSolution
		Debug|Any CPU = Debug|Any CPU
		Release|Any CPU = Release|Any CPU
	EndGlobalSection
	GlobalSection(ProjectConfigurationPlatforms) = postSolution
		{DCF13B52-C72B-4241-8BA5-39E45186181D}.Debug|Any CPU.ActiveCfg = Debug|Any CPU
		{DCF13B52-C72B-4241-8BA5-39E45186181D}.Debug|Any CPU.Build.0 = Debug|Any CPU
		{DCF13B52-C72B-4241-8BA5-39E45186181D}.Release|Any CPU.ActiveCfg = Release|Any CPU
		{DCF13B52-C72B-4241-8BA5-39E45186181D}.Release|Any CPU.Build.0 = Release|Any CPU
		{B005A3B6-BCE8-43CA-B266-92542C1566CD}.Debug|Any CPU.ActiveCfg = Debug|Any CPU
		{B005A3B6-BCE8-43CA-B266-92542C1566CD}.Debug|Any CPU.Build.0 = Debug|Any CPU
		{B005A3B6-BCE8-43CA-B266-92542C1566CD}.Release|Any CPU.ActiveCfg = Release|Any CPU
		{B005A3B6-BCE8-43CA-B266-92542C1566CD}.Release|Any CPU.Build.0 = Release|Any CPU
	EndGlobalSection
	GlobalSection(SolutionProperties) = preSolution
		HideSolutionNode = FALSE
	EndGlobalSection
	GlobalSection(NestedProjects) = preSolution
		{DCF13B52-C72B-4241-8BA5-39E45186181D} = {02EA681E-C7D8-13C7-8484-4AC65E1B71E8}
		{B005A3B6-BCE8-43CA-B266-92542C1566CD} = {02EA681E-C7D8-13C7-8484-4AC65E1B71E8}
	EndGlobalSection
	GlobalSection(ExtensibilityGlobals) = postSolution
		SolutionGuid = {16C8C093-7958-4D42-96D7-BD3688598CB7}
	EndGlobalSection
EndGlobal
